{
  "originHash" : "fa471a457bfb94b8093f34a234934838aa7f0a464ae11781cc2a020b2092f3b1",
  "pins" : [
    {
      "identity" : "communicatorcore",
      "kind" : "remoteSourceControl",
      "location" : "https://github.com/Paydogs/CommunicatorCore.git",
      "state" : {
        "revision" : "6c355a135278968c49cfbcdb6c3843bc686ee501",
        "version" : "2.0.0"
      }
    }
  ],
  "version" : 3
}
