{
  "originHash" : "727dfe998eea903fd5705776522b8db0f400a75ca08410463678f33012ae213a",
  "pins" : [
    {
      "identity" : "communicatorcore",
      "kind" : "remoteSourceControl",
      "location" : "https://github.com/Paydogs/CommunicatorCore.git",
      "state" : {
        "revision" : "c5b2e3d7cc3a473fc941a3f040faf06ed5906414",
        "version" : "1.2.0"
      }
    }
  ],
  "version" : 3
}
